
Microsoft Visual Studio Solution File, Format Version 12.00
Project("{2150E333-8FDC-42A3-9474-1A3956D46DE8}") = "N36", "N36", "{4C8F8D37-030E-47C7-926C-C0A8AFCBD6D7}"
EndProject
Project("{FAE04EC0-301F-11D3-BF4B-00C04F79EFBC}") = "N36-C", "N36-C\N36-C.csproj", "{3898597C-A6A5-41A8-B0CC-028D39CCCA32}"
EndProject
Project("{2150E333-8FDC-42A3-9474-1A3956D46DE8}") = "N37", "N37", "{B50603A5-CFA0-49F6-AE71-E28DC82FAE30}"
EndProject
Project("{FAE04EC0-301F-11D3-BF4B-00C04F79EFBC}") = "N37-C", "N37-C\N37-C.csproj", "{6672CF4C-265C-44A2-B45B-830E17C4F053}"
EndProject
Project("{2150E333-8FDC-42A3-9474-1A3956D46DE8}") = "N38", "N38", "{BC4E9692-6EFA-4926-8D36-94D97BD66BC1}"
EndProject
Project("{FAE04EC0-301F-11D3-BF4B-00C04F79EFBC}") = "N38-C", "N38-C\N38-C.csproj", "{6E3E1CC6-8E5F-485C-B634-9128FC885596}"
EndProject
Project("{2150E333-8FDC-42A3-9474-1A3956D46DE8}") = "N39", "N39", "{A96CB6CD-181E-48BD-B35D-D88022E8824D}"
EndProject
Project("{FAE04EC0-301F-11D3-BF4B-00C04F79EFBC}") = "N39-C", "N39-C\N39-C.csproj", "{C2624C05-BD46-4681-9C56-46E652D4ED1D}"
EndProject
Project("{2150E333-8FDC-42A3-9474-1A3956D46DE8}") = "N40", "N40", "{22FEF466-0DC5-49FB-BFB2-D9A3DC45BF53}"
EndProject
Project("{FAE04EC0-301F-11D3-BF4B-00C04F79EFBC}") = "N40-C", "N40-C\N40-C.csproj", "{D1DB08E8-C07B-417E-9D97-A41E16C8BAC8}"
EndProject
Project("{2150E333-8FDC-42A3-9474-1A3956D46DE8}") = "N41", "N41", "{4C3CF329-C2BC-4A0B-85CB-FEEE9700778D}"
EndProject
Project("{FAE04EC0-301F-11D3-BF4B-00C04F79EFBC}") = "N41-C", "N41-C\N41-C.csproj", "{D5C0A565-C60C-412D-A0D2-ED394A9EB8A4}"
EndProject
Project("{2150E333-8FDC-42A3-9474-1A3956D46DE8}") = "Tasks", "Tasks", "{E03CCBC9-5A90-4D3B-8FC6-3B53D0A7CF83}"
EndProject
Project("{FAE04EC0-301F-11D3-BF4B-00C04F79EFBC}") = "FileSynchronization", "FileSynchronization\FileSynchronization.csproj", "{A4F2CC2D-93FD-40D9-B07C-5B9927A447F9}"
EndProject
Project("{FAE04EC0-301F-11D3-BF4B-00C04F79EFBC}") = "UserRegistration", "UserRegistration\UserRegistration.csproj", "{93B93A16-310A-4AB1-BE3C-5AA9E7492DCC}"
EndProject
Project("{2150E333-8FDC-42A3-9474-1A3956D46DE8}") = "N42", "N42", "{9A3F1B86-6107-47AE-A1A9-A4C3FF069EED}"
EndProject
Project("{FAE04EC0-301F-11D3-BF4B-00C04F79EFBC}") = "N42-C", "N42-C\N42-C.csproj", "{1D982CF4-C431-4736-9AB9-EE2D760C43A8}"
EndProject
Project("{2150E333-8FDC-42A3-9474-1A3956D46DE8}") = "N43", "N43", "{2B8D6C4C-2C79-46F6-9617-CF282EE70A20}"
EndProject
Project("{FAE04EC0-301F-11D3-BF4B-00C04F79EFBC}") = "N43-C", "N43-C\N43-C.csproj", "{8915A78A-678A-47EB-899F-F418AEBAD596}"
EndProject
Project("{2150E333-8FDC-42A3-9474-1A3956D46DE8}") = "N44", "N44", "{A960B1EA-CE98-4360-8405-751CBAE86EFE}"
EndProject
Project("{FAE04EC0-301F-11D3-BF4B-00C04F79EFBC}") = "N44-C", "N44-C\N44-C.csproj", "{C5C41826-6EC7-47BF-B2F0-D4117F701B52}"
EndProject
Project("{2150E333-8FDC-42A3-9474-1A3956D46DE8}") = "Example", "Example", "{4433F8E0-CEDE-4E02-AD4A-0CA817AA27D4}"
EndProject
Project("{FAE04EC0-301F-11D3-BF4B-00C04F79EFBC}") = "ExampleApp", "ExampleApp\ExampleApp.csproj", "{5E5ADEAC-EFAC-44F0-A769-2847ED40BAF1}"
EndProject
Project("{FAE04EC0-301F-11D3-BF4B-00C04F79EFBC}") = "Example.Backend", "Example.Backend\Example.Backend.csproj", "{986D499D-BD25-42AD-A8B2-E3019D8FC20C}"
EndProject
Project("{FAE04EC0-301F-11D3-BF4B-00C04F79EFBC}") = "Example.Console", "Example.Console\Example.Console.csproj", "{42906BBE-E94C-466D-926B-6B8519A17A27}"
EndProject
Project("{2150E333-8FDC-42A3-9474-1A3956D46DE8}") = "N45", "N45", "{026CC3AB-E696-450F-B2FD-B92C0AA3D8BE}"
EndProject
Project("{FAE04EC0-301F-11D3-BF4B-00C04F79EFBC}") = "N45-C", "N45-C\N45-C.csproj", "{99D6BE08-2FDF-4125-8D58-0EDA08AE08D4}"
EndProject
Project("{2150E333-8FDC-42A3-9474-1A3956D46DE8}") = "N46", "N46", "{0EE11B96-26A8-4151-8146-A40CDE2D77AF}"
EndProject
Project("{FAE04EC0-301F-11D3-BF4B-00C04F79EFBC}") = "N46-C", "N46-C\N46-C.csproj", "{E830714E-2F53-446C-93C4-5493FFCEDF92}"
EndProject
Project("{2150E333-8FDC-42A3-9474-1A3956D46DE8}") = "N47", "N47", "{C64A7033-4F2F-46CB-9F99-10157A6F518D}"
EndProject
Project("{FAE04EC0-301F-11D3-BF4B-00C04F79EFBC}") = "IntroA.Api", "IntroA.Api\IntroA.Api.csproj", "{0532BE38-259E-4951-A988-CEA73788D1E7}"
EndProject
Project("{FAE04EC0-301F-11D3-BF4B-00C04F79EFBC}") = "IntroB.Api", "IntroB.Api\IntroB.Api.csproj", "{9707DAB3-F4E7-455F-ADF5-3D33EBAFF760}"
EndProject
Project("{2150E333-8FDC-42A3-9474-1A3956D46DE8}") = "N48", "N48", "{4D0066ED-DBE5-4F71-8CC1-7DE14D059B1C}"
EndProject
Project("{2150E333-8FDC-42A3-9474-1A3956D46DE8}") = "N49", "N49", "{1DE647D2-9414-4D0F-8E21-E1C3DC2ACAA6}"
EndProject
Project("{FAE04EC0-301F-11D3-BF4B-00C04F79EFBC}") = "N49-C.Monolith", "N49-C.Monolith\N49-C.Monolith.csproj", "{9BC7AEAE-FC3A-4871-8E28-D4C36C1FBC28}"
EndProject
Project("{2150E333-8FDC-42A3-9474-1A3956D46DE8}") = "Monolith", "Monolith", "{A5CF36C0-355A-4C8F-B598-1EBCB09CDBEF}"
EndProject
Project("{2150E333-8FDC-42A3-9474-1A3956D46DE8}") = "CleanArchitecture", "CleanArchitecture", "{3DFF980B-04BE-4292-80D7-9FD905AFD599}"
EndProject
Project("{2150E333-8FDC-42A3-9474-1A3956D46DE8}") = "DependencyInjection", "DependencyInjection", "{E58C2C76-CDBD-4826-A95B-348B38D2CB7A}"
EndProject
Project("{FAE04EC0-301F-11D3-BF4B-00C04F79EFBC}") = "Di.Api", "Di.Api\Di.Api.csproj", "{F997DFF3-63BA-4A13-9C01-4D6035624D83}"
EndProject
Project("{2150E333-8FDC-42A3-9474-1A3956D46DE8}") = "N50", "N50", "{EE246175-250B-41FF-B496-9B205E3733EA}"
EndProject
Project("{FAE04EC0-301F-11D3-BF4B-00C04F79EFBC}") = "N50-C", "N50-C\N50-C.csproj", "{128C13E4-D36C-4E07-A890-8FC32F50223B}"
EndProject
Project("{FAE04EC0-301F-11D3-BF4B-00C04F79EFBC}") = "N50-C.Api", "N50-C.Api\N50-C.Api.csproj", "{C597C447-4247-4C1D-9D9D-0F6AF38A0200}"
EndProject
Project("{2150E333-8FDC-42A3-9474-1A3956D46DE8}") = "N51", "N51", "{6ABA29EE-557D-4429-B30E-D432CBE7E295}"
EndProject
Project("{2150E333-8FDC-42A3-9474-1A3956D46DE8}") = "Delegates", "Delegates", "{B6110D4E-3776-4F81-BE27-38796624AC3F}"
EndProject
Project("{2150E333-8FDC-42A3-9474-1A3956D46DE8}") = "RestApi", "RestApi", "{F7FA9A0D-28E2-4301-8FBF-D8A32D9C324C}"
EndProject
Project("{2150E333-8FDC-42A3-9474-1A3956D46DE8}") = "Streams", "Streams", "{1143109B-4E19-4ABE-9A66-020EAB923407}"
EndProject
Project("{FAE04EC0-301F-11D3-BF4B-00C04F79EFBC}") = "RestApi.Example", "RestApi.Example\RestApi.Example.csproj", "{F8DBBADE-849E-44EA-B99E-763AE5D85215}"
EndProject
Project("{FAE04EC0-301F-11D3-BF4B-00C04F79EFBC}") = "Delegates.Example", "Delegates.Example\Delegates.Example.csproj", "{B0181722-A6BD-4B67-BD30-6D7166413E47}"
EndProject
Project("{2150E333-8FDC-42A3-9474-1A3956D46DE8}") = "N52", "N52", "{360FFDAD-1E10-4437-8B1D-FD07E3FC0397}"
EndProject
Project("{FAE04EC0-301F-11D3-BF4B-00C04F79EFBC}") = "Events.Example", "Events.Example\Events.Example.csproj", "{42297FBF-D123-4801-A9A3-69DDDB89FCDD}"
EndProject
Project("{FAE04EC0-301F-11D3-BF4B-00C04F79EFBC}") = "Events.Example.Api", "Events.Example.Api\Events.Example.Api.csproj", "{EC0EB459-7AC4-42ED-B6A0-F3EE1FD22874}"
EndProject
Global
	GlobalSection(SolutionConfigurationPlatforms) = preSolution
		Debug|Any CPU = Debug|Any CPU
		Release|Any CPU = Release|Any CPU
	EndGlobalSection
	GlobalSection(NestedProjects) = preSolution
		{3898597C-A6A5-41A8-B0CC-028D39CCCA32} = {4C8F8D37-030E-47C7-926C-C0A8AFCBD6D7}
		{6672CF4C-265C-44A2-B45B-830E17C4F053} = {B50603A5-CFA0-49F6-AE71-E28DC82FAE30}
		{6E3E1CC6-8E5F-485C-B634-9128FC885596} = {BC4E9692-6EFA-4926-8D36-94D97BD66BC1}
		{C2624C05-BD46-4681-9C56-46E652D4ED1D} = {A96CB6CD-181E-48BD-B35D-D88022E8824D}
		{D1DB08E8-C07B-417E-9D97-A41E16C8BAC8} = {22FEF466-0DC5-49FB-BFB2-D9A3DC45BF53}
		{D5C0A565-C60C-412D-A0D2-ED394A9EB8A4} = {4C3CF329-C2BC-4A0B-85CB-FEEE9700778D}
		{E03CCBC9-5A90-4D3B-8FC6-3B53D0A7CF83} = {4C3CF329-C2BC-4A0B-85CB-FEEE9700778D}
		{A4F2CC2D-93FD-40D9-B07C-5B9927A447F9} = {E03CCBC9-5A90-4D3B-8FC6-3B53D0A7CF83}
		{93B93A16-310A-4AB1-BE3C-5AA9E7492DCC} = {E03CCBC9-5A90-4D3B-8FC6-3B53D0A7CF83}
		{1D982CF4-C431-4736-9AB9-EE2D760C43A8} = {9A3F1B86-6107-47AE-A1A9-A4C3FF069EED}
		{8915A78A-678A-47EB-899F-F418AEBAD596} = {2B8D6C4C-2C79-46F6-9617-CF282EE70A20}
		{C5C41826-6EC7-47BF-B2F0-D4117F701B52} = {A960B1EA-CE98-4360-8405-751CBAE86EFE}
		{5E5ADEAC-EFAC-44F0-A769-2847ED40BAF1} = {4433F8E0-CEDE-4E02-AD4A-0CA817AA27D4}
		{986D499D-BD25-42AD-A8B2-E3019D8FC20C} = {4433F8E0-CEDE-4E02-AD4A-0CA817AA27D4}
		{42906BBE-E94C-466D-926B-6B8519A17A27} = {4433F8E0-CEDE-4E02-AD4A-0CA817AA27D4}
		{99D6BE08-2FDF-4125-8D58-0EDA08AE08D4} = {026CC3AB-E696-450F-B2FD-B92C0AA3D8BE}
		{E830714E-2F53-446C-93C4-5493FFCEDF92} = {0EE11B96-26A8-4151-8146-A40CDE2D77AF}
		{0532BE38-259E-4951-A988-CEA73788D1E7} = {4D0066ED-DBE5-4F71-8CC1-7DE14D059B1C}
		{9707DAB3-F4E7-455F-ADF5-3D33EBAFF760} = {4D0066ED-DBE5-4F71-8CC1-7DE14D059B1C}
		{A5CF36C0-355A-4C8F-B598-1EBCB09CDBEF} = {1DE647D2-9414-4D0F-8E21-E1C3DC2ACAA6}
		{3DFF980B-04BE-4292-80D7-9FD905AFD599} = {1DE647D2-9414-4D0F-8E21-E1C3DC2ACAA6}
		{9BC7AEAE-FC3A-4871-8E28-D4C36C1FBC28} = {A5CF36C0-355A-4C8F-B598-1EBCB09CDBEF}
		{E58C2C76-CDBD-4826-A95B-348B38D2CB7A} = {1DE647D2-9414-4D0F-8E21-E1C3DC2ACAA6}
		{F997DFF3-63BA-4A13-9C01-4D6035624D83} = {E58C2C76-CDBD-4826-A95B-348B38D2CB7A}
		{128C13E4-D36C-4E07-A890-8FC32F50223B} = {EE246175-250B-41FF-B496-9B205E3733EA}
		{C597C447-4247-4C1D-9D9D-0F6AF38A0200} = {EE246175-250B-41FF-B496-9B205E3733EA}
		{B6110D4E-3776-4F81-BE27-38796624AC3F} = {6ABA29EE-557D-4429-B30E-D432CBE7E295}
		{F7FA9A0D-28E2-4301-8FBF-D8A32D9C324C} = {6ABA29EE-557D-4429-B30E-D432CBE7E295}
		{1143109B-4E19-4ABE-9A66-020EAB923407} = {6ABA29EE-557D-4429-B30E-D432CBE7E295}
		{F8DBBADE-849E-44EA-B99E-763AE5D85215} = {F7FA9A0D-28E2-4301-8FBF-D8A32D9C324C}
		{B0181722-A6BD-4B67-BD30-6D7166413E47} = {360FFDAD-1E10-4437-8B1D-FD07E3FC0397}
		{42297FBF-D123-4801-A9A3-69DDDB89FCDD} = {360FFDAD-1E10-4437-8B1D-FD07E3FC0397}
		{EC0EB459-7AC4-42ED-B6A0-F3EE1FD22874} = {360FFDAD-1E10-4437-8B1D-FD07E3FC0397}
	EndGlobalSection
	GlobalSection(ProjectConfigurationPlatforms) = postSolution
		{3898597C-A6A5-41A8-B0CC-028D39CCCA32}.Debug|Any CPU.ActiveCfg = Debug|Any CPU
		{3898597C-A6A5-41A8-B0CC-028D39CCCA32}.Debug|Any CPU.Build.0 = Debug|Any CPU
		{3898597C-A6A5-41A8-B0CC-028D39CCCA32}.Release|Any CPU.ActiveCfg = Release|Any CPU
		{3898597C-A6A5-41A8-B0CC-028D39CCCA32}.Release|Any CPU.Build.0 = Release|Any CPU
		{6672CF4C-265C-44A2-B45B-830E17C4F053}.Debug|Any CPU.ActiveCfg = Debug|Any CPU
		{6672CF4C-265C-44A2-B45B-830E17C4F053}.Debug|Any CPU.Build.0 = Debug|Any CPU
		{6672CF4C-265C-44A2-B45B-830E17C4F053}.Release|Any CPU.ActiveCfg = Release|Any CPU
		{6672CF4C-265C-44A2-B45B-830E17C4F053}.Release|Any CPU.Build.0 = Release|Any CPU
		{6E3E1CC6-8E5F-485C-B634-9128FC885596}.Debug|Any CPU.ActiveCfg = Debug|Any CPU
		{6E3E1CC6-8E5F-485C-B634-9128FC885596}.Debug|Any CPU.Build.0 = Debug|Any CPU
		{6E3E1CC6-8E5F-485C-B634-9128FC885596}.Release|Any CPU.ActiveCfg = Release|Any CPU
		{6E3E1CC6-8E5F-485C-B634-9128FC885596}.Release|Any CPU.Build.0 = Release|Any CPU
		{C2624C05-BD46-4681-9C56-46E652D4ED1D}.Debug|Any CPU.ActiveCfg = Debug|Any CPU
		{C2624C05-BD46-4681-9C56-46E652D4ED1D}.Debug|Any CPU.Build.0 = Debug|Any CPU
		{C2624C05-BD46-4681-9C56-46E652D4ED1D}.Release|Any CPU.ActiveCfg = Release|Any CPU
		{C2624C05-BD46-4681-9C56-46E652D4ED1D}.Release|Any CPU.Build.0 = Release|Any CPU
		{D1DB08E8-C07B-417E-9D97-A41E16C8BAC8}.Debug|Any CPU.ActiveCfg = Debug|Any CPU
		{D1DB08E8-C07B-417E-9D97-A41E16C8BAC8}.Debug|Any CPU.Build.0 = Debug|Any CPU
		{D1DB08E8-C07B-417E-9D97-A41E16C8BAC8}.Release|Any CPU.ActiveCfg = Release|Any CPU
		{D1DB08E8-C07B-417E-9D97-A41E16C8BAC8}.Release|Any CPU.Build.0 = Release|Any CPU
		{D5C0A565-C60C-412D-A0D2-ED394A9EB8A4}.Debug|Any CPU.ActiveCfg = Debug|Any CPU
		{D5C0A565-C60C-412D-A0D2-ED394A9EB8A4}.Debug|Any CPU.Build.0 = Debug|Any CPU
		{D5C0A565-C60C-412D-A0D2-ED394A9EB8A4}.Release|Any CPU.ActiveCfg = Release|Any CPU
		{D5C0A565-C60C-412D-A0D2-ED394A9EB8A4}.Release|Any CPU.Build.0 = Release|Any CPU
		{A4F2CC2D-93FD-40D9-B07C-5B9927A447F9}.Debug|Any CPU.ActiveCfg = Debug|Any CPU
		{A4F2CC2D-93FD-40D9-B07C-5B9927A447F9}.Debug|Any CPU.Build.0 = Debug|Any CPU
		{A4F2CC2D-93FD-40D9-B07C-5B9927A447F9}.Release|Any CPU.ActiveCfg = Release|Any CPU
		{A4F2CC2D-93FD-40D9-B07C-5B9927A447F9}.Release|Any CPU.Build.0 = Release|Any CPU
		{93B93A16-310A-4AB1-BE3C-5AA9E7492DCC}.Debug|Any CPU.ActiveCfg = Debug|Any CPU
		{93B93A16-310A-4AB1-BE3C-5AA9E7492DCC}.Debug|Any CPU.Build.0 = Debug|Any CPU
		{93B93A16-310A-4AB1-BE3C-5AA9E7492DCC}.Release|Any CPU.ActiveCfg = Release|Any CPU
		{93B93A16-310A-4AB1-BE3C-5AA9E7492DCC}.Release|Any CPU.Build.0 = Release|Any CPU
		{1D982CF4-C431-4736-9AB9-EE2D760C43A8}.Debug|Any CPU.ActiveCfg = Debug|Any CPU
		{1D982CF4-C431-4736-9AB9-EE2D760C43A8}.Debug|Any CPU.Build.0 = Debug|Any CPU
		{1D982CF4-C431-4736-9AB9-EE2D760C43A8}.Release|Any CPU.ActiveCfg = Release|Any CPU
		{1D982CF4-C431-4736-9AB9-EE2D760C43A8}.Release|Any CPU.Build.0 = Release|Any CPU
		{8915A78A-678A-47EB-899F-F418AEBAD596}.Debug|Any CPU.ActiveCfg = Debug|Any CPU
		{8915A78A-678A-47EB-899F-F418AEBAD596}.Debug|Any CPU.Build.0 = Debug|Any CPU
		{8915A78A-678A-47EB-899F-F418AEBAD596}.Release|Any CPU.ActiveCfg = Release|Any CPU
		{8915A78A-678A-47EB-899F-F418AEBAD596}.Release|Any CPU.Build.0 = Release|Any CPU
		{C5C41826-6EC7-47BF-B2F0-D4117F701B52}.Debug|Any CPU.ActiveCfg = Debug|Any CPU
		{C5C41826-6EC7-47BF-B2F0-D4117F701B52}.Debug|Any CPU.Build.0 = Debug|Any CPU
		{C5C41826-6EC7-47BF-B2F0-D4117F701B52}.Release|Any CPU.ActiveCfg = Release|Any CPU
		{C5C41826-6EC7-47BF-B2F0-D4117F701B52}.Release|Any CPU.Build.0 = Release|Any CPU
		{5E5ADEAC-EFAC-44F0-A769-2847ED40BAF1}.Debug|Any CPU.ActiveCfg = Debug|Any CPU
		{5E5ADEAC-EFAC-44F0-A769-2847ED40BAF1}.Debug|Any CPU.Build.0 = Debug|Any CPU
		{5E5ADEAC-EFAC-44F0-A769-2847ED40BAF1}.Release|Any CPU.ActiveCfg = Release|Any CPU
		{5E5ADEAC-EFAC-44F0-A769-2847ED40BAF1}.Release|Any CPU.Build.0 = Release|Any CPU
		{986D499D-BD25-42AD-A8B2-E3019D8FC20C}.Debug|Any CPU.ActiveCfg = Debug|Any CPU
		{986D499D-BD25-42AD-A8B2-E3019D8FC20C}.Debug|Any CPU.Build.0 = Debug|Any CPU
		{986D499D-BD25-42AD-A8B2-E3019D8FC20C}.Release|Any CPU.ActiveCfg = Release|Any CPU
		{986D499D-BD25-42AD-A8B2-E3019D8FC20C}.Release|Any CPU.Build.0 = Release|Any CPU
		{42906BBE-E94C-466D-926B-6B8519A17A27}.Debug|Any CPU.ActiveCfg = Debug|Any CPU
		{42906BBE-E94C-466D-926B-6B8519A17A27}.Debug|Any CPU.Build.0 = Debug|Any CPU
		{42906BBE-E94C-466D-926B-6B8519A17A27}.Release|Any CPU.ActiveCfg = Release|Any CPU
		{42906BBE-E94C-466D-926B-6B8519A17A27}.Release|Any CPU.Build.0 = Release|Any CPU
		{99D6BE08-2FDF-4125-8D58-0EDA08AE08D4}.Debug|Any CPU.ActiveCfg = Debug|Any CPU
		{99D6BE08-2FDF-4125-8D58-0EDA08AE08D4}.Debug|Any CPU.Build.0 = Debug|Any CPU
		{99D6BE08-2FDF-4125-8D58-0EDA08AE08D4}.Release|Any CPU.ActiveCfg = Release|Any CPU
		{99D6BE08-2FDF-4125-8D58-0EDA08AE08D4}.Release|Any CPU.Build.0 = Release|Any CPU
		{E830714E-2F53-446C-93C4-5493FFCEDF92}.Debug|Any CPU.ActiveCfg = Debug|Any CPU
		{E830714E-2F53-446C-93C4-5493FFCEDF92}.Debug|Any CPU.Build.0 = Debug|Any CPU
		{E830714E-2F53-446C-93C4-5493FFCEDF92}.Release|Any CPU.ActiveCfg = Release|Any CPU
		{E830714E-2F53-446C-93C4-5493FFCEDF92}.Release|Any CPU.Build.0 = Release|Any CPU
		{0532BE38-259E-4951-A988-CEA73788D1E7}.Debug|Any CPU.ActiveCfg = Debug|Any CPU
		{0532BE38-259E-4951-A988-CEA73788D1E7}.Debug|Any CPU.Build.0 = Debug|Any CPU
		{0532BE38-259E-4951-A988-CEA73788D1E7}.Release|Any CPU.ActiveCfg = Release|Any CPU
		{0532BE38-259E-4951-A988-CEA73788D1E7}.Release|Any CPU.Build.0 = Release|Any CPU
		{9707DAB3-F4E7-455F-ADF5-3D33EBAFF760}.Debug|Any CPU.ActiveCfg = Debug|Any CPU
		{9707DAB3-F4E7-455F-ADF5-3D33EBAFF760}.Debug|Any CPU.Build.0 = Debug|Any CPU
		{9707DAB3-F4E7-455F-ADF5-3D33EBAFF760}.Release|Any CPU.ActiveCfg = Release|Any CPU
		{9707DAB3-F4E7-455F-ADF5-3D33EBAFF760}.Release|Any CPU.Build.0 = Release|Any CPU
		{9BC7AEAE-FC3A-4871-8E28-D4C36C1FBC28}.Debug|Any CPU.ActiveCfg = Debug|Any CPU
		{9BC7AEAE-FC3A-4871-8E28-D4C36C1FBC28}.Debug|Any CPU.Build.0 = Debug|Any CPU
		{9BC7AEAE-FC3A-4871-8E28-D4C36C1FBC28}.Release|Any CPU.ActiveCfg = Release|Any CPU
		{9BC7AEAE-FC3A-4871-8E28-D4C36C1FBC28}.Release|Any CPU.Build.0 = Release|Any CPU
		{F997DFF3-63BA-4A13-9C01-4D6035624D83}.Debug|Any CPU.ActiveCfg = Debug|Any CPU
		{F997DFF3-63BA-4A13-9C01-4D6035624D83}.Debug|Any CPU.Build.0 = Debug|Any CPU
		{F997DFF3-63BA-4A13-9C01-4D6035624D83}.Release|Any CPU.ActiveCfg = Release|Any CPU
		{F997DFF3-63BA-4A13-9C01-4D6035624D83}.Release|Any CPU.Build.0 = Release|Any CPU
		{128C13E4-D36C-4E07-A890-8FC32F50223B}.Debug|Any CPU.ActiveCfg = Debug|Any CPU
		{128C13E4-D36C-4E07-A890-8FC32F50223B}.Debug|Any CPU.Build.0 = Debug|Any CPU
		{128C13E4-D36C-4E07-A890-8FC32F50223B}.Release|Any CPU.ActiveCfg = Release|Any CPU
		{128C13E4-D36C-4E07-A890-8FC32F50223B}.Release|Any CPU.Build.0 = Release|Any CPU
		{C597C447-4247-4C1D-9D9D-0F6AF38A0200}.Debug|Any CPU.ActiveCfg = Debug|Any CPU
		{C597C447-4247-4C1D-9D9D-0F6AF38A0200}.Debug|Any CPU.Build.0 = Debug|Any CPU
		{C597C447-4247-4C1D-9D9D-0F6AF38A0200}.Release|Any CPU.ActiveCfg = Release|Any CPU
		{C597C447-4247-4C1D-9D9D-0F6AF38A0200}.Release|Any CPU.Build.0 = Release|Any CPU
		{F8DBBADE-849E-44EA-B99E-763AE5D85215}.Debug|Any CPU.ActiveCfg = Debug|Any CPU
		{F8DBBADE-849E-44EA-B99E-763AE5D85215}.Debug|Any CPU.Build.0 = Debug|Any CPU
		{F8DBBADE-849E-44EA-B99E-763AE5D85215}.Release|Any CPU.ActiveCfg = Release|Any CPU
		{F8DBBADE-849E-44EA-B99E-763AE5D85215}.Release|Any CPU.Build.0 = Release|Any CPU
		{B0181722-A6BD-4B67-BD30-6D7166413E47}.Debug|Any CPU.ActiveCfg = Debug|Any CPU
		{B0181722-A6BD-4B67-BD30-6D7166413E47}.Debug|Any CPU.Build.0 = Debug|Any CPU
		{B0181722-A6BD-4B67-BD30-6D7166413E47}.Release|Any CPU.ActiveCfg = Release|Any CPU
		{B0181722-A6BD-4B67-BD30-6D7166413E47}.Release|Any CPU.Build.0 = Release|Any CPU
		{42297FBF-D123-4801-A9A3-69DDDB89FCDD}.Debug|Any CPU.ActiveCfg = Debug|Any CPU
		{42297FBF-D123-4801-A9A3-69DDDB89FCDD}.Debug|Any CPU.Build.0 = Debug|Any CPU
		{42297FBF-D123-4801-A9A3-69DDDB89FCDD}.Release|Any CPU.ActiveCfg = Release|Any CPU
		{42297FBF-D123-4801-A9A3-69DDDB89FCDD}.Release|Any CPU.Build.0 = Release|Any CPU
		{EC0EB459-7AC4-42ED-B6A0-F3EE1FD22874}.Debug|Any CPU.ActiveCfg = Debug|Any CPU
		{EC0EB459-7AC4-42ED-B6A0-F3EE1FD22874}.Debug|Any CPU.Build.0 = Debug|Any CPU
		{EC0EB459-7AC4-42ED-B6A0-F3EE1FD22874}.Release|Any CPU.ActiveCfg = Release|Any CPU
		{EC0EB459-7AC4-42ED-B6A0-F3EE1FD22874}.Release|Any CPU.Build.0 = Release|Any CPU
	EndGlobalSection
EndGlobal
