
Microsoft Visual Studio Solution File, Format Version 12.00
Project("{2150E333-8FDC-42A3-9474-1A3956D46DE8}") = "N36", "N36", "{4C8F8D37-030E-47C7-926C-C0A8AFCBD6D7}"
EndProject
Project("{FAE04EC0-301F-11D3-BF4B-00C04F79EFBC}") = "N36-C", "N36-C\N36-C.csproj", "{3898597C-A6A5-41A8-B0CC-028D39CCCA32}"
EndProject
Global
	GlobalSection(SolutionConfigurationPlatforms) = preSolution
		Debug|Any CPU = Debug|Any CPU
		Release|Any CPU = Release|Any CPU
	EndGlobalSection
	GlobalSection(NestedProjects) = preSolution
		{3898597C-A6A5-41A8-B0CC-028D39CCCA32} = {4C8F8D37-030E-47C7-926C-C0A8AFCBD6D7}
	EndGlobalSection
	GlobalSection(ProjectConfigurationPlatforms) = postSolution
		{3898597C-A6A5-41A8-B0CC-028D39CCCA32}.Debug|Any CPU.ActiveCfg = Debug|Any CPU
		{3898597C-A6A5-41A8-B0CC-028D39CCCA32}.Debug|Any CPU.Build.0 = Debug|Any CPU
		{3898597C-A6A5-41A8-B0CC-028D39CCCA32}.Release|Any CPU.ActiveCfg = Release|Any CPU
		{3898597C-A6A5-41A8-B0CC-028D39CCCA32}.Release|Any CPU.Build.0 = Release|Any CPU
	EndGlobalSection
EndGlobal
